{
  "name": "ws-railway",
  "version": "1.0.0",
  "lockfileVersion": 3,
  "requires": true,
  "packages": {
    "": {
      "name": "ws-railway",
      "version": "1.0.0",
      "dependencies": {
        "ws": "^8.16.0"
      }
    },
    "node_modules/ws": {
      "version": "8.16.0",
      "resolved": "https://registry.npmjs.org/ws/-/ws-8.16.0.tgz",
      "integrity": "sha512-3z4h8O6nqZ3n0tQbJ0p5nFvT2N0f5fKc3t+8xP7B9zqZ0e2Zs6QY4lYv0qzZC1zG6v9b0hZ5XG8F9k0x7A==",
      "engines": {
        "node": ">=10.0.0"
      }
    }
  }
}
